
Microsoft Visual Studio Solution File, Format Version 12.00
# Visual Studio 15
VisualStudioVersion = 15.0.28307.1340
MinimumVisualStudioVersion = 10.0.40219.1
Project("{8BC9CEB8-8B4A-11D0-8D11-00A0C91BC942}") = "UR5_demo", "UR5_demo\UR5_demo.vcxproj", "{1726E230-B632-4A61-B7EE-429BEC5C901A}"
EndProject
Global
	GlobalSection(SolutionConfigurationPlatforms) = preSolution
		Debug|x64 = Debug|x64
		Debug|x86 = Debug|x86
		Release|x64 = Release|x64
		Release|x86 = Release|x86
	EndGlobalSection
	GlobalSection(ProjectConfigurationPlatforms) = postSolution
		{1726E230-B632-4A61-B7EE-429BEC5C901A}.Debug|x64.ActiveCfg = Debug|x64
		{1726E230-B632-4A61-B7EE-429BEC5C901A}.Debug|x64.Build.0 = Debug|x64
		{1726E230-B632-4A61-B7EE-429BEC5C901A}.Debug|x86.ActiveCfg = Debug|Win32
		{1726E230-B632-4A61-B7EE-429BEC5C901A}.Debug|x86.Build.0 = Debug|Win32
		{1726E230-B632-4A61-B7EE-429BEC5C901A}.Release|x64.ActiveCfg = Release|x64
		{1726E230-B632-4A61-B7EE-429BEC5C901A}.Release|x64.Build.0 = Release|x64
		{1726E230-B632-4A61-B7EE-429BEC5C901A}.Release|x86.ActiveCfg = Release|Win32
		{1726E230-B632-4A61-B7EE-429BEC5C901A}.Release|x86.Build.0 = Release|Win32
	EndGlobalSection
	GlobalSection(SolutionProperties) = preSolution
		HideSolutionNode = FALSE
	EndGlobalSection
	GlobalSection(ExtensibilityGlobals) = postSolution
		SolutionGuid = {9E97A338-3111-4030-AE1B-A650CF05044A}
	EndGlobalSection
EndGlobal
